
Microsoft Visual Studio Solution File, Format Version 12.00
# Visual Studio Version 16
VisualStudioVersion = 16.0.32901.82
MinimumVisualStudioVersion = 10.0.40219.1
Project("{FAE04EC0-301F-11D3-BF4B-00C04F79EFBC}") = "todo-aspnetmvc-ui", "todo-aspnetmvc-ui\todo-aspnetmvc-ui.csproj", "{B1DE9C68-64E2-45FA-B2C6-F51B088FD51D}"
EndProject
Project("{FAE04EC0-301F-11D3-BF4B-00C04F79EFBC}") = "todo-domain-entities", "todo-domain-entities\todo-domain-entities.csproj", "{9AEEF982-AE88-459D-9E6E-662CDD7ED401}"
EndProject
Project("{FAE04EC0-301F-11D3-BF4B-00C04F79EFBC}") = "todo-domain-entities.Test", "todo-domain-entities.Test\todo-domain-entities.Test.csproj", "{AAC0028C-BCF4-48A0-BCD1-1EEAE3628D2C}"
EndProject
Global
	GlobalSection(SolutionConfigurationPlatforms) = preSolution
		Debug|Any CPU = Debug|Any CPU
		Release|Any CPU = Release|Any CPU
	EndGlobalSection
	GlobalSection(ProjectConfigurationPlatforms) = postSolution
		{B1DE9C68-64E2-45FA-B2C6-F51B088FD51D}.Debug|Any CPU.ActiveCfg = Debug|Any CPU
		{B1DE9C68-64E2-45FA-B2C6-F51B088FD51D}.Debug|Any CPU.Build.0 = Debug|Any CPU
		{B1DE9C68-64E2-45FA-B2C6-F51B088FD51D}.Release|Any CPU.ActiveCfg = Release|Any CPU
		{B1DE9C68-64E2-45FA-B2C6-F51B088FD51D}.Release|Any CPU.Build.0 = Release|Any CPU
		{9AEEF982-AE88-459D-9E6E-662CDD7ED401}.Debug|Any CPU.ActiveCfg = Debug|Any CPU
		{9AEEF982-AE88-459D-9E6E-662CDD7ED401}.Debug|Any CPU.Build.0 = Debug|Any CPU
		{9AEEF982-AE88-459D-9E6E-662CDD7ED401}.Release|Any CPU.ActiveCfg = Release|Any CPU
		{9AEEF982-AE88-459D-9E6E-662CDD7ED401}.Release|Any CPU.Build.0 = Release|Any CPU
		{AAC0028C-BCF4-48A0-BCD1-1EEAE3628D2C}.Debug|Any CPU.ActiveCfg = Debug|Any CPU
		{AAC0028C-BCF4-48A0-BCD1-1EEAE3628D2C}.Debug|Any CPU.Build.0 = Debug|Any CPU
		{AAC0028C-BCF4-48A0-BCD1-1EEAE3628D2C}.Release|Any CPU.ActiveCfg = Release|Any CPU
		{AAC0028C-BCF4-48A0-BCD1-1EEAE3628D2C}.Release|Any CPU.Build.0 = Release|Any CPU
	EndGlobalSection
	GlobalSection(SolutionProperties) = preSolution
		HideSolutionNode = FALSE
	EndGlobalSection
	GlobalSection(ExtensibilityGlobals) = postSolution
		SolutionGuid = {3DBFA777-AE6D-43AB-88EC-E70AD933367A}
	EndGlobalSection
EndGlobal
